# This is a Gradle generated file for dependency locking.
# Manual edits can break the build and are not advised.
# This file is expected to be part of source control.
com.github.spotbugs:spotbugs-annotations:4.9.8=spotbugs
com.github.spotbugs:spotbugs:4.9.8=spotbugs
com.github.stephenc.jcip:jcip-annotations:1.0-1=spotbugs
com.google.code.findbugs:jsr305:3.0.2=spotbugs
com.google.code.gson:gson:2.13.2=spotbugs
com.google.errorprone:error_prone_annotations:2.41.0=spotbugs
com.squareup.okhttp3:okhttp-jvm:5.3.2=compileClasspath,integrationTestCompileClasspath,integrationTestRuntimeClasspath,runtimeClasspath,testCompileClasspath,testRuntimeClasspath
com.squareup.okhttp3:okhttp:5.3.2=compileClasspath,integrationTestCompileClasspath,integrationTestRuntimeClasspath,runtimeClasspath,testCompileClasspath,testRuntimeClasspath
com.squareup.okio:okio-jvm:3.16.4=compileClasspath,integrationTestCompileClasspath,integrationTestRuntimeClasspath,runtimeClasspath,testCompileClasspath,testRuntimeClasspath
com.squareup.okio:okio:3.16.4=compileClasspath,integrationTestCompileClasspath,integrationTestRuntimeClasspath,runtimeClasspath,testCompileClasspath,testRuntimeClasspath
com.thoughtworks.xstream:xstream:1.4.21=compileClasspath,integrationTestCompileClasspath,integrationTestRuntimeClasspath,runtimeClasspath,testCompileClasspath,testRuntimeClasspath
commons-codec:commons-codec:1.21.0=compileClasspath,integrationTestCompileClasspath,integrationTestRuntimeClasspath,runtimeClasspath,testCompileClasspath,testRuntimeClasspath
commons-io:commons-io:2.20.0=spotbugs
io.github.x-stream:mxparser:1.2.2=compileClasspath,integrationTestCompileClasspath,integrationTestRuntimeClasspath,runtimeClasspath,testCompileClasspath,testRuntimeClasspath
jaxen:jaxen:2.0.0=spotbugs
junit:junit:4.13.2=integrationTestCompileClasspath,integrationTestRuntimeClasspath,testCompileClasspath,testRuntimeClasspath
net.sf.launch4j:launch4j:3.50=launch4jBin
net.sf.saxon:Saxon-HE:12.9=spotbugs
org.apache.bcel:bcel:6.11.0=spotbugs
org.apache.commons:commons-lang3:3.19.0=spotbugs
org.apache.commons:commons-text:1.14.0=spotbugs
org.apache.logging.log4j:log4j-api:2.25.2=spotbugs
org.apache.logging.log4j:log4j-core:2.25.2=spotbugs
org.aspectj:aspectjrt:1.9.7=compileClasspath,integrationTestCompileClasspath,runtimeClasspath,testCompileClasspath,testRuntimeClasspath
org.dom4j:dom4j:2.2.0=spotbugs
org.eclipse.platform:org.eclipse.swt.win32.win32.x86_64:3.129.0=compileClasspath,integrationTestCompileClasspath,integrationTestRuntimeClasspath,runtimeClasspath,testCompileClasspath,testRuntimeClasspath
org.hamcrest:hamcrest-core:1.3=integrationTestCompileClasspath,integrationTestRuntimeClasspath,testCompileClasspath,testRuntimeClasspath
org.jetbrains.kotlin:kotlin-stdlib:2.2.21=compileClasspath,integrationTestCompileClasspath,integrationTestRuntimeClasspath,runtimeClasspath,testCompileClasspath,testRuntimeClasspath
org.jetbrains:annotations:13.0=compileClasspath,integrationTestCompileClasspath,integrationTestRuntimeClasspath,runtimeClasspath,testCompileClasspath,testRuntimeClasspath
org.junit:junit-bom:5.14.0=spotbugs
org.mp4parser:isoparser:1.9.56=compileClasspath,integrationTestCompileClasspath,runtimeClasspath,testCompileClasspath,testRuntimeClasspath
org.ow2.asm:asm-analysis:9.9=spotbugs
org.ow2.asm:asm-commons:9.9=spotbugs
org.ow2.asm:asm-tree:9.9=spotbugs
org.ow2.asm:asm-util:9.9=spotbugs
org.ow2.asm:asm:9.9=spotbugs
org.slf4j:slf4j-api:1.8.0-beta4=compileClasspath,integrationTestCompileClasspath,runtimeClasspath,testCompileClasspath,testRuntimeClasspath
org.slf4j:slf4j-api:2.0.17=spotbugs,spotbugsSlf4j
org.slf4j:slf4j-simple:2.0.17=spotbugsSlf4j
org.xmlresolver:xmlresolver:5.3.3=spotbugs
xmlpull:xmlpull:1.1.3.1=compileClasspath,integrationTestCompileClasspath,integrationTestRuntimeClasspath,runtimeClasspath,testCompileClasspath,testRuntimeClasspath
empty=annotationProcessor,integrationTestAnnotationProcessor,shadow,spotbugsPlugins,testAnnotationProcessor
